
Microsoft Visual Studio Solution File, Format Version 12.00
# Visual Studio Version 17
VisualStudioVersion = 17.5.002.0
MinimumVisualStudioVersion = 10.0.40219.1
Project("{2150E333-8FDC-42A3-9474-1A3956D46DE8}") = "c#", "c#", "{3C7F816A-90A9-4D56-87D5-4816FD212D47}"
EndProject
Project("{9A19103F-16F7-4668-BE54-9A1E7A4F7556}") = "WEB", "c#\project1\WEB.csproj", "{79CBDC61-3FC7-49C9-AFEA-76F5EDFF477E}"
EndProject
Global
	GlobalSection(SolutionConfigurationPlatforms) = preSolution
		Debug|Any CPU = Debug|Any CPU
		Release|Any CPU = Release|Any CPU
	EndGlobalSection
	GlobalSection(ProjectConfigurationPlatforms) = postSolution
		{79CBDC61-3FC7-49C9-AFEA-76F5EDFF477E}.Debug|Any CPU.ActiveCfg = Debug|Any CPU
		{79CBDC61-3FC7-49C9-AFEA-76F5EDFF477E}.Debug|Any CPU.Build.0 = Debug|Any CPU
		{79CBDC61-3FC7-49C9-AFEA-76F5EDFF477E}.Release|Any CPU.ActiveCfg = Release|Any CPU
		{79CBDC61-3FC7-49C9-AFEA-76F5EDFF477E}.Release|Any CPU.Build.0 = Release|Any CPU
	EndGlobalSection
	GlobalSection(SolutionProperties) = preSolution
		HideSolutionNode = FALSE
	EndGlobalSection
	GlobalSection(NestedProjects) = preSolution
		{79CBDC61-3FC7-49C9-AFEA-76F5EDFF477E} = {3C7F816A-90A9-4D56-87D5-4816FD212D47}
	EndGlobalSection
	GlobalSection(ExtensibilityGlobals) = postSolution
		SolutionGuid = {D801D482-B431-4CA2-A2D1-BBBD02BC7845}
	EndGlobalSection
EndGlobal
