
Microsoft Visual Studio Solution File, Format Version 12.00
# Visual Studio Version 17
VisualStudioVersion = 17.5.002.0
MinimumVisualStudioVersion = 10.0.40219.1
Project("{2150E333-8FDC-42A3-9474-1A3956D46DE8}") = "c#", "c#", "{A8D7BE36-7D53-4945-8275-C70E64988429}"
EndProject
Project("{9A19103F-16F7-4668-BE54-9A1E7A4F7556}") = "WEB", "c#\project1\WEB.csproj", "{93DCCC2A-7ACD-4F72-A7E7-CF5B82770986}"
EndProject
Global
	GlobalSection(SolutionConfigurationPlatforms) = preSolution
		Debug|Any CPU = Debug|Any CPU
		Release|Any CPU = Release|Any CPU
	EndGlobalSection
	GlobalSection(ProjectConfigurationPlatforms) = postSolution
		{93DCCC2A-7ACD-4F72-A7E7-CF5B82770986}.Debug|Any CPU.ActiveCfg = Debug|Any CPU
		{93DCCC2A-7ACD-4F72-A7E7-CF5B82770986}.Debug|Any CPU.Build.0 = Debug|Any CPU
		{93DCCC2A-7ACD-4F72-A7E7-CF5B82770986}.Release|Any CPU.ActiveCfg = Release|Any CPU
		{93DCCC2A-7ACD-4F72-A7E7-CF5B82770986}.Release|Any CPU.Build.0 = Release|Any CPU
	EndGlobalSection
	GlobalSection(SolutionProperties) = preSolution
		HideSolutionNode = FALSE
	EndGlobalSection
	GlobalSection(NestedProjects) = preSolution
		{93DCCC2A-7ACD-4F72-A7E7-CF5B82770986} = {A8D7BE36-7D53-4945-8275-C70E64988429}
	EndGlobalSection
	GlobalSection(ExtensibilityGlobals) = postSolution
		SolutionGuid = {FB2FBC58-7AE0-4896-A8B1-DE13C754C6C9}
	EndGlobalSection
EndGlobal
